
Microsoft Visual Studio Solution File, Format Version 12.00
# Visual Studio Version 17
VisualStudioVersion = 17.12.35527.113
MinimumVisualStudioVersion = 10.0.40219.1
Project("{FAE04EC0-301F-11D3-BF4B-00C04F79EFBC}") = "Integration", "Integration\Integration.csproj", "{444EAA33-C851-4506-ABEE-720F3C8080B1}"
EndProject

Project("{FAE04EC0-301F-11D3-BF4B-00C04F79EFBC}") = "cms-genai-rag-aiorchestrator", "cms-genai-rag-aiorchestrator\cms-genai-rag-aiorchestrator.csproj", "{2ABE592F-BE0E-4437-A2E1-83C7D8411643}"
EndProject
Project("{2150E333-8FDC-42A3-9474-1A3956D46DE8}") = "src", "src", "{AAD47274-34B6-4BD6-AC98-533C8B6F19C5}"
EndProject
Project("{2150E333-8FDC-42A3-9474-1A3956D46DE8}") = "test", "test", "{DA7FEBC2-6A7F-4C55-A4B1-1B6C949478E2}"
EndProject
Project("{FAE04EC0-301F-11D3-BF4B-00C04F79EFBC}") = "cms.UnitTest", "TestProject1\cms.UnitTest.csproj", "{03626ED3-27AF-4C26-8B5F-0B571F0F8A20}"

EndProject
Global
	GlobalSection(SolutionConfigurationPlatforms) = preSolution
		Debug|Any CPU = Debug|Any CPU
		Release|Any CPU = Release|Any CPU
	EndGlobalSection
	GlobalSection(ProjectConfigurationPlatforms) = postSolution
		{444EAA33-C851-4506-ABEE-720F3C8080B1}.Debug|Any CPU.ActiveCfg = Debug|Any CPU
		{444EAA33-C851-4506-ABEE-720F3C8080B1}.Debug|Any CPU.Build.0 = Debug|Any CPU
		{444EAA33-C851-4506-ABEE-720F3C8080B1}.Release|Any CPU.ActiveCfg = Release|Any CPU
		{444EAA33-C851-4506-ABEE-720F3C8080B1}.Release|Any CPU.Build.0 = Release|Any CPU

		{2ABE592F-BE0E-4437-A2E1-83C7D8411643}.Debug|Any CPU.ActiveCfg = Debug|Any CPU
		{2ABE592F-BE0E-4437-A2E1-83C7D8411643}.Debug|Any CPU.Build.0 = Debug|Any CPU
		{2ABE592F-BE0E-4437-A2E1-83C7D8411643}.Release|Any CPU.ActiveCfg = Release|Any CPU
		{2ABE592F-BE0E-4437-A2E1-83C7D8411643}.Release|Any CPU.Build.0 = Release|Any CPU

		{03626ED3-27AF-4C26-8B5F-0B571F0F8A20}.Debug|Any CPU.ActiveCfg = Debug|Any CPU
		{03626ED3-27AF-4C26-8B5F-0B571F0F8A20}.Debug|Any CPU.Build.0 = Debug|Any CPU
		{03626ED3-27AF-4C26-8B5F-0B571F0F8A20}.Release|Any CPU.ActiveCfg = Release|Any CPU
		{03626ED3-27AF-4C26-8B5F-0B571F0F8A20}.Release|Any CPU.Build.0 = Release|Any CPU

	EndGlobalSection
	GlobalSection(SolutionProperties) = preSolution
		HideSolutionNode = FALSE
	EndGlobalSection

	GlobalSection(NestedProjects) = preSolution
		{444EAA33-C851-4506-ABEE-720F3C8080B1} = {AAD47274-34B6-4BD6-AC98-533C8B6F19C5}
		{2ABE592F-BE0E-4437-A2E1-83C7D8411643} = {AAD47274-34B6-4BD6-AC98-533C8B6F19C5}
		{03626ED3-27AF-4C26-8B5F-0B571F0F8A20} = {DA7FEBC2-6A7F-4C55-A4B1-1B6C949478E2}
	EndGlobalSection

EndGlobal
